Microsoft Visual Studio Solution File, Format Version 12.00
# Visual Studio Version 17
VisualStudioVersion = 17.5.2.0
MinimumVisualStudioVersion = 10.0.40219.1
Project("{FAE04EC0-301F-11D3-BF4B-00C04F79EFBC}") = "SpotifyApp", "SpotifyApp\SpotifyApp.csproj", "{B7025EAC-3112-AD72-BBBE-BF9EA6C569CB}"
EndProject
Global
	GlobalSection(SolutionConfigurationPlatforms) = preSolution
		Debug|Any CPU = Debug|Any CPU
		Release|Any CPU = Release|Any CPU
	EndGlobalSection
	GlobalSection(ProjectConfigurationPlatforms) = postSolution
		{B7025EAC-3112-AD72-BBBE-BF9EA6C569CB}.Debug|Any CPU.ActiveCfg = Debug|Any CPU
		{B7025EAC-3112-AD72-BBBE-BF9EA6C569CB}.Debug|Any CPU.Build.0 = Debug|Any CPU
		{B7025EAC-3112-AD72-BBBE-BF9EA6C569CB}.Release|Any CPU.ActiveCfg = Release|Any CPU
		{B7025EAC-3112-AD72-BBBE-BF9EA6C569CB}.Release|Any CPU.Build.0 = Release|Any CPU
	EndGlobalSection
	GlobalSection(SolutionProperties) = preSolution
		HideSolutionNode = FALSE
	EndGlobalSection
	GlobalSection(ExtensibilityGlobals) = postSolution
		SolutionGuid = {00EF33DA-C312-48E7-9E57-284A77858764}
	EndGlobalSection
EndGlobal
